
Microsoft Visual Studio Solution File, Format Version 12.00
# Visual Studio Version 16
VisualStudioVersion = 16.0.29613.14
MinimumVisualStudioVersion = 10.0.40219.1
Project("{FAE04EC0-301F-11D3-BF4B-00C04F79EFBC}") = "Vanme Pro", "Vanme Pro\Vanme Pro.csproj", "{4FF109B4-C630-41FA-BCFC-2B196CBE9EF0}"
EndProject
Project("{FAE04EC0-301F-11D3-BF4B-00C04F79EFBC}") = "Vanme Pro Tests", "Vanme Pro Tests\Vanme Pro Tests.csproj", "{E3A2CA33-53D1-4389-85C2-915CCCBB7339}"
EndProject
Global
	GlobalSection(SolutionConfigurationPlatforms) = preSolution
		Debug|Any CPU = Debug|Any CPU
		Release|Any CPU = Release|Any CPU
	EndGlobalSection
	GlobalSection(ProjectConfigurationPlatforms) = postSolution
		{4FF109B4-C630-41FA-BCFC-2B196CBE9EF0}.Debug|Any CPU.ActiveCfg = Debug|Any CPU
		{4FF109B4-C630-41FA-BCFC-2B196CBE9EF0}.Debug|Any CPU.Build.0 = Debug|Any CPU
		{4FF109B4-C630-41FA-BCFC-2B196CBE9EF0}.Release|Any CPU.ActiveCfg = Release|Any CPU
		{4FF109B4-C630-41FA-BCFC-2B196CBE9EF0}.Release|Any CPU.Build.0 = Release|Any CPU
		{E3A2CA33-53D1-4389-85C2-915CCCBB7339}.Debug|Any CPU.ActiveCfg = Debug|Any CPU
		{E3A2CA33-53D1-4389-85C2-915CCCBB7339}.Debug|Any CPU.Build.0 = Debug|Any CPU
		{E3A2CA33-53D1-4389-85C2-915CCCBB7339}.Release|Any CPU.ActiveCfg = Release|Any CPU
		{E3A2CA33-53D1-4389-85C2-915CCCBB7339}.Release|Any CPU.Build.0 = Release|Any CPU
	EndGlobalSection
	GlobalSection(SolutionProperties) = preSolution
		HideSolutionNode = FALSE
	EndGlobalSection
	GlobalSection(ExtensibilityGlobals) = postSolution
		SolutionGuid = {3F22049B-4F8B-443F-845A-9D1350236153}
	EndGlobalSection
EndGlobal
